# THIS IS AN AUTOGENERATED FILE. DO NOT EDIT THIS FILE DIRECTLY.
# yarn lockfile v1


"@types/google-apps-script@^1.0.67":
  version "1.0.67"
  resolved "https://registry.yarnpkg.com/@types/google-apps-script/-/google-apps-script-1.0.67.tgz#bf27335368a31256788e7e367c2f7b5f3054f06b"
  integrity sha512-sJfwEKAfWMB22SRbNqfsr7MWVjaYT97eKl8DBTB3uVLJd4jpGibcFSsVqCuFuewzJgjLzj0aSC4gbaFyf3EpXg==

prettier@^3.0.2:
  version "3.0.2"
  resolved "https://registry.yarnpkg.com/prettier/-/prettier-3.0.2.tgz#78fcecd6d870551aa5547437cdae39d4701dca5b"
  integrity sha512-o2YR9qtniXvwEZlOKbveKfDQVyqxbEIWn48Z8m3ZJjBjcCmUy3xZGIv+7AkaeuaTr6yPXJjwv07ZWlsWbEy1rQ==

typescript@^5.1.6:
  version "5.1.6"
  resolved "https://registry.yarnpkg.com/typescript/-/typescript-5.1.6.tgz#02f8ac202b6dad2c0dd5e0913745b47a37998274"
  integrity sha512-zaWCozRZ6DLEWAWFrVDz1H6FVXzUSfTy5FUMWsQlU8Ym5JP9eO4xkTIROFCQvhQf61z6O/G6ugw3SgAnvvm+HA==
